{
  "name": "@audio/window",
  "version": "1.0.2",
  "lockfileVersion": 3,
  "requires": true,
  "packages": {
    "": {
      "name": "@audio/window",
      "version": "1.0.2",
      "license": "MIT",
      "dependencies": {
        "window-function": "^3.0.1"
      },
      "devDependencies": {
        "@audio/stft": "^1.0.1",
        "tst": "^9.4.0"
      },
      "engines": {
        "node": ">=18"
      }
    },
    "node_modules/@audio/stft": {
      "version": "1.0.4",
      "resolved": "https://registry.npmjs.org/@audio/stft/-/stft-1.0.4.tgz",
      "integrity": "sha512-KppbNv69Yq+J8ROwyzSlWJ0aXrdN2Ki7D0edWQ2lg2Ojnm0jbSptKsBrwEljitwiJLeLPTEWijHPTiE0IWFHYQ==",
      "dev": true,
      "license": "MIT",
      "dependencies": {
        "@audio/window": "^1.0.2",
        "fourier-transform": "^2.3.0"
      },
      "engines": {
        "node": ">=18"
      }
    },
    "node_modules/@audio/window": {
      "version": "1.0.2",
      "resolved": "https://registry.npmjs.org/@audio/window/-/window-1.0.2.tgz",
      "integrity": "sha512-fULY1fy0skEiAIB3sofrW45MsZI/eLSruG9FN7b7PDSpdPQ0upVAdHlL5VdiJ1J2v8JopiVVfgBXXoMWM9eOeg==",
      "dev": true,
      "license": "MIT",
      "dependencies": {
        "window-function": "^3.0.1"
      },
      "engines": {
        "node": ">=18"
      }
    },
    "node_modules/fourier-transform": {
      "version": "2.4.0",
      "resolved": "https://registry.npmjs.org/fourier-transform/-/fourier-transform-2.4.0.tgz",
      "integrity": "sha512-B7pQ7faDJGPJcFy08OtSlbr5wkMr9eVDZOHg8q2wBDCVOpVrO5+lTcPGobx+XxdG3G9vAV57jehcChaAqrDlew==",
      "dev": true,
      "license": "MIT"
    },
    "node_modules/tst": {
      "version": "9.4.0",
      "resolved": "https://registry.npmjs.org/tst/-/tst-9.4.0.tgz",
      "integrity": "sha512-LFC1yasMqhvL9hBJdA07nozlfS1RGy/7uiBCwRZcQH9zB4+n7XpxwYszzK//WQ2JVOLAUgU3d8ABEcrFLZE0vg==",
      "dev": true,
      "license": "MIT"
    },
    "node_modules/window-function": {
      "version": "3.0.1",
      "resolved": "https://registry.npmjs.org/window-function/-/window-function-3.0.1.tgz",
      "integrity": "sha512-leNaeoOe+AWGGL7i3UYC1diwxi1XGdypk+mBTdETtj7ptYikvcY1hw2qGsT0zhDBta1L3ynYLW3HjZq8gsLJ1w==",
      "license": "MIT",
      "engines": {
        "node": ">=18"
      }
    }
  }
}
